
Microsoft Visual Studio Solution File, Format Version 12.00
# Visual Studio Version 17
VisualStudioVersion = 17.5.33502.453
MinimumVisualStudioVersion = 10.0.40219.1
Project("{FAE04EC0-301F-11D3-BF4B-00C04F79EFBC}") = "SovosWebProject", "SovosWebProject\SovosWebProject.csproj", "{2B48CEE5-27C5-455D-BF7F-D5523A3C80CB}"
EndProject
Global
	GlobalSection(SolutionConfigurationPlatforms) = preSolution
		Debug|Any CPU = Debug|Any CPU
		Release|Any CPU = Release|Any CPU
	EndGlobalSection
	GlobalSection(ProjectConfigurationPlatforms) = postSolution
		{2B48CEE5-27C5-455D-BF7F-D5523A3C80CB}.Debug|Any CPU.ActiveCfg = Debug|Any CPU
		{2B48CEE5-27C5-455D-BF7F-D5523A3C80CB}.Debug|Any CPU.Build.0 = Debug|Any CPU
		{2B48CEE5-27C5-455D-BF7F-D5523A3C80CB}.Release|Any CPU.ActiveCfg = Release|Any CPU
		{2B48CEE5-27C5-455D-BF7F-D5523A3C80CB}.Release|Any CPU.Build.0 = Release|Any CPU
	EndGlobalSection
	GlobalSection(SolutionProperties) = preSolution
		HideSolutionNode = FALSE
	EndGlobalSection
	GlobalSection(ExtensibilityGlobals) = postSolution
		SolutionGuid = {30299AF7-20E9-4DB0-96B5-1BCB2AAB9205}
	EndGlobalSection
EndGlobal
